<?xml version="1.0" encoding="utf-8"?>
<Project ToolsVersion="4.0" xmlns="http://schemas.microsoft.com/developer/msbuild/2003">
  <ItemGroup>
    <Filter Include="Source Files">
      <UniqueIdentifier>{4FC737F1-C7A5-4376-A066-2A32D752A2FF}</UniqueIdentifier>
      <Extensions>cpp;c;cc;cxx;c++;cppm;ixx;def;odl;idl;hpj;bat;asm;asmx</Extensions>
    </Filter>
    <Filter Include="Header Files">
      <UniqueIdentifier>{93995380-89BD-4b04-88EB-625FBE52EBFB}</UniqueIdentifier>
      <Extensions>h;hh;hpp;hxx;h++;hm;inl;inc;ipp;xsd</Extensions>
    </Filter>
    <Filter Include="Resource Files">
      <UniqueIdentifier>{67DA6AB6-F800-4c08-8B7A-83BB121AAD01}</UniqueIdentifier>
      <Extensions>rc;ico;cur;bmp;dlg;rc2;rct;bin;rgs;gif;jpg;jpeg;jpe;resx;tiff;tif;png;wav;mfcribbon-ms</Extensions>
    </Filter>
    <Filter Include="Source Files\utils">
      <UniqueIdentifier>{661c8ad7-8bda-46d3-a1d7-16bd83a178a8}</UniqueIdentifier>
    </Filter>
    <Filter Include="DiscountCards">
      <UniqueIdentifier>{1874a97c-2d32-4ca1-8b90-679672b33f7d}</UniqueIdentifier>
    </Filter>
  </ItemGroup>
  <ItemGroup>
    <ClInclude Include="BaseVagon.h">
      <Filter>Header Files</Filter>
    </ClInclude>
    <ClInclude Include="FirstClassVagon.h">
      <Filter>Header Files</Filter>
    </ClInclude>
    <ClInclude Include="SecondClassVagon.h">
      <Filter>Header Files</Filter>
    </ClInclude>
    <ClInclude Include="SleepingVagon.h">
      <Filter>Header Files</Filter>
    </ClInclude>
    <ClInclude Include="Train.h">
      <Filter>Header Files</Filter>
    </ClInclude>
    <ClInclude Include="String.h">
      <Filter>Source Files\utils</Filter>
    </ClInclude>
    <ClInclude Include="DiscountCard.h">
      <Filter>DiscountCards</Filter>
    </ClInclude>
    <ClInclude Include="DiscountCardAge.h">
      <Filter>DiscountCards</Filter>
    </ClInclude>
    <ClInclude Include="DiscountCardRoute.h">
      <Filter>DiscountCards</Filter>
    </ClInclude>
    <ClInclude Include="DiscountCardDistance.h">
      <Filter>DiscountCards</Filter>
    </ClInclude>
    <ClInclude Include="Vector.hpp">
      <Filter>Source Files\utils</Filter>
    </ClInclude>
    <ClInclude Include="User.h">
      <Filter>Header Files</Filter>
    </ClInclude>
    <ClInclude Include="Station.h">
      <Filter>Header Files</Filter>
    </ClInclude>
    <ClInclude Include="Admin.h">
      <Filter>Header Files</Filter>
    </ClInclude>
    <ClInclude Include="Utility.h">
      <Filter>Header Files</Filter>
    </ClInclude>
    <ClInclude Include="Shared_Weak_Ptr.hpp">
      <Filter>Source Files\utils</Filter>
    </ClInclude>
    <ClInclude Include="Ticket.h">
      <Filter>Header Files</Filter>
    </ClInclude>
    <ClInclude Include="stationsRepository.h">
      <Filter>Header Files</Filter>
    </ClInclude>
    <ClInclude Include="VagonType.h">
      <Filter>Header Files</Filter>
    </ClInclude>
    <ClInclude Include="TrackAllocator.h">
      <Filter>Header Files</Filter>
    </ClInclude>
    <ClInclude Include="systemManager.h">
      <Filter>Header Files</Filter>
    </ClInclude>
    <ClInclude Include="App.h">
      <Filter>Header Files</Filter>
    </ClInclude>
    <ClInclude Include="Command.h">
      <Filter>Header Files</Filter>
    </ClInclude>
    <ClInclude Include="CommandExecutor.h">
      <Filter>Header Files</Filter>
    </ClInclude>
    <ClInclude Include="CommandFactory.h">
      <Filter>Header Files</Filter>
    </ClInclude>
    <ClInclude Include="printStationsCommand.h">
      <Filter>Header Files</Filter>
    </ClInclude>
    <ClInclude Include="printSchedule.h">
      <Filter>Header Files</Filter>
    </ClInclude>
    <ClInclude Include="printScheduleDestinationCommand.h">
      <Filter>Header Files</Filter>
    </ClInclude>
    <ClInclude Include="OrdinaryUser.h">
      <Filter>Header Files</Filter>
    </ClInclude>
    <ClInclude Include="loginCommand.h">
      <Filter>Header Files</Filter>
    </ClInclude>
    <ClInclude Include="addStationCommand.h">
      <Filter>Header Files</Filter>
    </ClInclude>
    <ClInclude Include="exitCommnad.h">
      <Filter>Header Files</Filter>
    </ClInclude>
    <ClInclude Include="addTrainCommand.h">
      <Filter>Header Files</Filter>
    </ClInclude>
    <ClInclude Include="printTrainCommand.h">
      <Filter>Header Files</Filter>
    </ClInclude>
    <ClInclude Include="printScheduleTimeCommand.h">
      <Filter>Header Files</Filter>
    </ClInclude>
    <ClInclude Include="printTrainWagonCommand.h">
      <Filter>Header Files</Filter>
    </ClInclude>
    <ClInclude Include="logoutCommand.h">
      <Filter>Header Files</Filter>
    </ClInclude>
  </ItemGroup>
  <ItemGroup>
    <ClCompile Include="BaseVagon.cpp">
      <Filter>Source Files</Filter>
    </ClCompile>
    <ClCompile Include="FirstClassVagon.cpp">
      <Filter>Source Files</Filter>
    </ClCompile>
    <ClCompile Include="SecondClassVagon.cpp">
      <Filter>Source Files</Filter>
    </ClCompile>
    <ClCompile Include="SleepingVagon.cpp">
      <Filter>Source Files</Filter>
    </ClCompile>
    <ClCompile Include="Train.cpp">
      <Filter>Source Files</Filter>
    </ClCompile>
    <ClCompile Include="main.cpp">
      <Filter>Source Files</Filter>
    </ClCompile>
    <ClCompile Include="String.cpp">
      <Filter>Source Files\utils</Filter>
    </ClCompile>
    <ClCompile Include="DiscountCard.cpp">
      <Filter>DiscountCards</Filter>
    </ClCompile>
    <ClCompile Include="DiscountCardAge.cpp">
      <Filter>DiscountCards</Filter>
    </ClCompile>
    <ClCompile Include="DiscountCardRoute.cpp">
      <Filter>DiscountCards</Filter>
    </ClCompile>
    <ClCompile Include="DiscountCardDistance.cpp">
      <Filter>DiscountCards</Filter>
    </ClCompile>
    <ClCompile Include="User.cpp">
      <Filter>Source Files</Filter>
    </ClCompile>
    <ClCompile Include="Station.cpp">
      <Filter>Source Files</Filter>
    </ClCompile>
    <ClCompile Include="Admin.cpp">
      <Filter>Source Files</Filter>
    </ClCompile>
    <ClCompile Include="Utility.cpp">
      <Filter>Source Files</Filter>
    </ClCompile>
    <ClCompile Include="Ticket.cpp">
      <Filter>Source Files</Filter>
    </ClCompile>
    <ClCompile Include="stationsRepository.cpp">
      <Filter>Source Files</Filter>
    </ClCompile>
    <ClCompile Include="VagonType.cpp">
      <Filter>Source Files</Filter>
    </ClCompile>
    <ClCompile Include="TrackAllocator.cpp">
      <Filter>Source Files</Filter>
    </ClCompile>
    <ClCompile Include="systemManager.cpp">
      <Filter>Source Files</Filter>
    </ClCompile>
    <ClCompile Include="App.cpp">
      <Filter>Source Files</Filter>
    </ClCompile>
    <ClCompile Include="Command.cpp">
      <Filter>Source Files</Filter>
    </ClCompile>
    <ClCompile Include="CommandExecutor.cpp">
      <Filter>Source Files</Filter>
    </ClCompile>
    <ClCompile Include="CommandFactory.cpp">
      <Filter>Source Files</Filter>
    </ClCompile>
    <ClCompile Include="printStationsCommand.cpp">
      <Filter>Source Files</Filter>
    </ClCompile>
    <ClCompile Include="printSchedule.cpp">
      <Filter>Source Files</Filter>
    </ClCompile>
    <ClCompile Include="printScheduleDestinationCommand.cpp">
      <Filter>Source Files</Filter>
    </ClCompile>
    <ClCompile Include="OrdinaryUser.cpp">
      <Filter>Source Files</Filter>
    </ClCompile>
    <ClCompile Include="loginCommand.cpp">
      <Filter>Source Files</Filter>
    </ClCompile>
    <ClCompile Include="addStationCommand.cpp">
      <Filter>Source Files</Filter>
    </ClCompile>
    <ClCompile Include="exitCommnad.cpp">
      <Filter>Source Files</Filter>
    </ClCompile>
    <ClCompile Include="addTrainCommand.cpp">
      <Filter>Source Files</Filter>
    </ClCompile>
    <ClCompile Include="printTrainCommand.cpp">
      <Filter>Source Files</Filter>
    </ClCompile>
    <ClCompile Include="printScheduleTimeCommand.cpp">
      <Filter>Source Files</Filter>
    </ClCompile>
    <ClCompile Include="printTrainWagonCommand.cpp">
      <Filter>Source Files</Filter>
    </ClCompile>
    <ClCompile Include="logoutCommand.cpp">
      <Filter>Source Files</Filter>
    </ClCompile>
  </ItemGroup>
</Project>